// !$*UTF8*$!
{
	archiveVersion = 1;
	classes = {
	};
	objectVersion = 55;
	objects = {

/* Begin PBXBuildFile section */
		E150E2ED287A90EF0001A0C8 /* FlickrImageViewerApp.swift in Sources */ = {isa = PBXBuildFile; fileRef = E150E2EC287A90EF0001A0C8 /* FlickrImageViewerApp.swift */; };
		E150E2EF287A90EF0001A0C8 /* ContentView.swift in Sources */ = {isa = PBXBuildFile; fileRef = E150E2EE287A90EF0001A0C8 /* ContentView.swift */; };
		E150E2F1287A90F10001A0C8 /* Assets.xcassets in Resources */ = {isa = PBXBuildFile; fileRef = E150E2F0287A90F10001A0C8 /* Assets.xcassets */; };
		E150E2F4287A90F10001A0C8 /* Preview Assets.xcassets in Resources */ = {isa = PBXBuildFile; fileRef = E150E2F3287A90F10001A0C8 /* Preview Assets.xcassets */; };
		E150E2FE287A90F20001A0C8 /* FlickrImageViewerTests.swift in Sources */ = {isa = PBXBuildFile; fileRef = E150E2FD287A90F20001A0C8 /* FlickrImageViewerTests.swift */; };
		E150E308287A90F20001A0C8 /* FlickrImageViewerUITests.swift in Sources */ = {isa = PBXBuildFile; fileRef = E150E307287A90F20001A0C8 /* FlickrImageViewerUITests.swift */; };
		E150E30A287A90F20001A0C8 /* FlickrImageViewerUITestsLaunchTests.swift in Sources */ = {isa = PBXBuildFile; fileRef = E150E309287A90F20001A0C8 /* FlickrImageViewerUITestsLaunchTests.swift */; };
/* End PBXBuildFile section */

/* Begin PBXContainerItemProxy section */
		E150E2FA287A90F20001A0C8 /* PBXContainerItemProxy */ = {
			isa = PBXContainerItemProxy;
			containerPortal = E150E2E1287A90EF0001A0C8 /* Project object */;
			proxyType = 1;
			remoteGlobalIDString = E150E2E8287A90EF0001A0C8;
			remoteInfo = FlickrImageViewer;
		};
		E150E304287A90F20001A0C8 /* PBXContainerItemProxy */ = {
			isa = PBXContainerItemProxy;
			containerPortal = E150E2E1287A90EF0001A0C8 /* Project object */;
			proxyType = 1;
			remoteGlobalIDString = E150E2E8287A90EF0001A0C8;
			remoteInfo = FlickrImageViewer;
		};
/* End PBXContainerItemProxy section */

/* Begin PBXFileReference section */
		E150E2E9287A90EF0001A0C8 /* FlickrImageViewer.app */ = {isa = PBXFileReference; explicitFileType = wrapper.application; includeInIndex = 0; path = FlickrImageViewer.app; sourceTree = BUILT_PRODUCTS_DIR; };
		E150E2EC287A90EF0001A0C8 /* FlickrImageViewerApp.swift */ = {isa = PBXFileReference; lastKnownFileType = sourcecode.swift; path = FlickrImageViewerApp.swift; sourceTree = "<group>"; };
		E150E2EE287A90EF0001A0C8 /* ContentView.swift */ = {isa = PBXFileReference; lastKnownFileType = sourcecode.swift; path = ContentView.swift; sourceTree = "<group>"; };
		E150E2F0287A90F10001A0C8 /* Assets.xcassets */ = {isa = PBXFileReference; lastKnownFileType = folder.assetcatalog; path = Assets.xcassets; sourceTree = "<group>"; };
		E150E2F3287A90F10001A0C8 /* Preview Assets.xcassets */ = {isa = PBXFileReference; lastKnownFileType = folder.assetcatalog; path = "Preview Assets.xcassets"; sourceTree = "<group>"; };
		E150E2F9287A90F20001A0C8 /* FlickrImageViewerTests.xctest */ = {isa = PBXFileReference; explicitFileType = wrapper.cfbundle; includeInIndex = 0; path = FlickrImageViewerTests.xctest; sourceTree = BUILT_PRODUCTS_DIR; };
		E150E2FD287A90F20001A0C8 /* FlickrImageViewerTests.swift */ = {isa = PBXFileReference; lastKnownFileType = sourcecode.swift; path = FlickrImageViewerTests.swift; sourceTree = "<group>"; };
		E150E303287A90F20001A0C8 /* FlickrImageViewerUITests.xctest */ = {isa = PBXFileReference; explicitFileType = wrapper.cfbundle; includeInIndex = 0; path = FlickrImageViewerUITests.xctest; sourceTree = BUILT_PRODUCTS_DIR; };
		E150E307287A90F20001A0C8 /* FlickrImageViewerUITests.swift */ = {isa = PBXFileReference; lastKnownFileType = sourcecode.swift; path = FlickrImageViewerUITests.swift; sourceTree = "<group>"; };
		E150E309287A90F20001A0C8 /* FlickrImageViewerUITestsLaunchTests.swift */ = {isa = PBXFileReference; lastKnownFileType = sourcecode.swift; path = FlickrImageViewerUITestsLaunchTests.swift; sourceTree = "<group>"; };
/* End PBXFileReference section */

/* Begin PBXFrameworksBuildPhase section */
		E150E2E6287A90EF0001A0C8 /* Frameworks */ = {
			isa = PBXFrameworksBuildPhase;
			buildActionMask = 2147483647;
			files = (
			);
			runOnlyForDeploymentPostprocessing = 0;
		};
		E150E2F6287A90F20001A0C8 /* Frameworks */ = {
			isa = PBXFrameworksBuildPhase;
			buildActionMask = 2147483647;
			files = (
			);
			runOnlyForDeploymentPostprocessing = 0;
		};
		E150E300287A90F20001A0C8 /* Frameworks */ = {
			isa = PBXFrameworksBuildPhase;
			buildActionMask = 2147483647;
			files = (
			);
			runOnlyForDeploymentPostprocessing = 0;
		};
/* End PBXFrameworksBuildPhase section */

/* Begin PBXGroup section */
		E150E2E0287A90EF0001A0C8 = {
			isa = PBXGroup;
			children = (
				E150E2EB287A90EF0001A0C8 /* FlickrImageViewer */,
				E150E2FC287A90F20001A0C8 /* FlickrImageViewerTests */,
				E150E306287A90F20001A0C8 /* FlickrImageViewerUITests */,
				E150E2EA287A90EF0001A0C8 /* Products */,
			);
			sourceTree = "<group>";
		};
		E150E2EA287A90EF0001A0C8 /* Products */ = {
			isa = PBXGroup;
			children = (
				E150E2E9287A90EF0001A0C8 /* FlickrImageViewer.app */,
				E150E2F9287A90F20001A0C8 /* FlickrImageViewerTests.xctest */,
				E150E303287A90F20001A0C8 /* FlickrImageViewerUITests.xctest */,
			);
			name = Products;
			sourceTree = "<group>";
		};
		E150E2EB287A90EF0001A0C8 /* FlickrImageViewer */ = {
			isa = PBXGroup;
			children = (
				E150E2EC287A90EF0001A0C8 /* FlickrImageViewerApp.swift */,
				E150E2EE287A90EF0001A0C8 /* ContentView.swift */,
				E150E2F0287A90F10001A0C8 /* Assets.xcassets */,
				E150E2F2287A90F10001A0C8 /* Preview Content */,
			);
			path = FlickrImageViewer;
			sourceTree = "<group>";
		};
		E150E2F2287A90F10001A0C8 /* Preview Content */ = {
			isa = PBXGroup;
			children = (
				E150E2F3287A90F10001A0C8 /* Preview Assets.xcassets */,
			);
			path = "Preview Content";
			sourceTree = "<group>";
		};
		E150E2FC287A90F20001A0C8 /* FlickrImageViewerTests */ = {
			isa = PBXGroup;
			children = (
				E150E2FD287A90F20001A0C8 /* FlickrImageViewerTests.swift */,
			);
			path = FlickrImageViewerTests;
			sourceTree = "<group>";
		};
		E150E306287A90F20001A0C8 /* FlickrImageViewerUITests */ = {
			isa = PBXGroup;
			children = (
				E150E307287A90F20001A0C8 /* FlickrImageViewerUITests.swift */,
				E150E309287A90F20001A0C8 /* FlickrImageViewerUITestsLaunchTests.swift */,
			);
			path = FlickrImageViewerUITests;
			sourceTree = "<group>";
		};
/* End PBXGroup section */

/* Begin PBXNativeTarget section */
		E150E2E8287A90EF0001A0C8 /* FlickrImageViewer */ = {
			isa = PBXNativeTarget;
			buildConfigurationList = E150E30D287A90F20001A0C8 /* Build configuration list for PBXNativeTarget "FlickrImageViewer" */;
			buildPhases = (
				E150E2E5287A90EF0001A0C8 /* Sources */,
				E150E2E6287A90EF0001A0C8 /* Frameworks */,
				E150E2E7287A90EF0001A0C8 /* Resources */,
			);
			buildRules = (
			);
			dependencies = (
			);
			name = FlickrImageViewer;
			productName = FlickrImageViewer;
			productReference = E150E2E9287A90EF0001A0C8 /* FlickrImageViewer.app */;
			productType = "com.apple.product-type.application";
		};
		E150E2F8287A90F20001A0C8 /* FlickrImageViewerTests */ = {
			isa = PBXNativeTarget;
			buildConfigurationList = E150E310287A90F20001A0C8 /* Build configuration list for PBXNativeTarget "FlickrImageViewerTests" */;
			buildPhases = (
				E150E2F5287A90F20001A0C8 /* Sources */,
				E150E2F6287A90F20001A0C8 /* Frameworks */,
				E150E2F7287A90F20001A0C8 /* Resources */,
			);
			buildRules = (
			);
			dependencies = (
				E150E2FB287A90F20001A0C8 /* PBXTargetDependency */,
			);
			name = FlickrImageViewerTests;
			productName = FlickrImageViewerTests;
			productReference = E150E2F9287A90F20001A0C8 /* FlickrImageViewerTests.xctest */;
			productType = "com.apple.product-type.bundle.unit-test";
		};
		E150E302287A90F20001A0C8 /* FlickrImageViewerUITests */ = {
			isa = PBXNativeTarget;
			buildConfigurationList = E150E313287A90F20001A0C8 /* Build configuration list for PBXNativeTarget "FlickrImageViewerUITests" */;
			buildPhases = (
				E150E2FF287A90F20001A0C8 /* Sources */,
				E150E300287A90F20001A0C8 /* Frameworks */,
				E150E301287A90F20001A0C8 /* Resources */,
			);
			buildRules = (
			);
			dependencies = (
				E150E305287A90F20001A0C8 /* PBXTargetDependency */,
			);
			name = FlickrImageViewerUITests;
			productName = FlickrImageViewerUITests;
			productReference = E150E303287A90F20001A0C8 /* FlickrImageViewerUITests.xctest */;
			productType = "com.apple.product-type.bundle.ui-testing";
		};
/* End PBXNativeTarget section */

/* Begin PBXProject section */
		E150E2E1287A90EF0001A0C8 /* Project object */ = {
			isa = PBXProject;
			attributes = {
				BuildIndependentTargetsInParallel = 1;
				LastSwiftUpdateCheck = 1340;
				LastUpgradeCheck = 1340;
				TargetAttributes = {
					E150E2E8287A90EF0001A0C8 = {
						CreatedOnToolsVersion = 13.4.1;
					};
					E150E2F8287A90F20001A0C8 = {
						CreatedOnToolsVersion = 13.4.1;
						TestTargetID = E150E2E8287A90EF0001A0C8;
					};
					E150E302287A90F20001A0C8 = {
						CreatedOnToolsVersion = 13.4.1;
						TestTargetID = E150E2E8287A90EF0001A0C8;
					};
				};
			};
			buildConfigurationList = E150E2E4287A90EF0001A0C8 /* Build configuration list for PBXProject "FlickrImageViewer" */;
			compatibilityVersion = "Xcode 13.0";
			developmentRegion = en;
			hasScannedForEncodings = 0;
			knownRegions = (
				en,
				Base,
			);
			mainGroup = E150E2E0287A90EF0001A0C8;
			productRefGroup = E150E2EA287A90EF0001A0C8 /* Products */;
			projectDirPath = "";
			projectRoot = "";
			targets = (
				E150E2E8287A90EF0001A0C8 /* FlickrImageViewer */,
				E150E2F8287A90F20001A0C8 /* FlickrImageViewerTests */,
				E150E302287A90F20001A0C8 /* FlickrImageViewerUITests */,
			);
		};
/* End PBXProject section */

/* Begin PBXResourcesBuildPhase section */
		E150E2E7287A90EF0001A0C8 /* Resources */ = {
			isa = PBXResourcesBuildPhase;
			buildActionMask = 2147483647;
			files = (
				E150E2F4287A90F10001A0C8 /* Preview Assets.xcassets in Resources */,
				E150E2F1287A90F10001A0C8 /* Assets.xcassets in Resources */,
			);
			runOnlyForDeploymentPostprocessing = 0;
		};
		E150E2F7287A90F20001A0C8 /* Resources */ = {
			isa = PBXResourcesBuildPhase;
			buildActionMask = 2147483647;
			files = (
			);
			runOnlyForDeploymentPostprocessing = 0;
		};
		E150E301287A90F20001A0C8 /* Resources */ = {
			isa = PBXResourcesBuildPhase;
			buildActionMask = 2147483647;
			files = (
			);
			runOnlyForDeploymentPostprocessing = 0;
		};
/* End PBXResourcesBuildPhase section */

/* Begin PBXSourcesBuildPhase section */
		E150E2E5287A90EF0001A0C8 /* Sources */ = {
			isa = PBXSourcesBuildPhase;
			buildActionMask = 2147483647;
			files = (
				E150E2EF287A90EF0001A0C8 /* ContentView.swift in Sources */,
				E150E2ED287A90EF0001A0C8 /* FlickrImageViewerApp.swift in Sources */,
			);
			runOnlyForDeploymentPostprocessing = 0;
		};
		E150E2F5287A90F20001A0C8 /* Sources */ = {
			isa = PBXSourcesBuildPhase;
			buildActionMask = 2147483647;
			files = (
				E150E2FE287A90F20001A0C8 /* FlickrImageViewerTests.swift in Sources */,
			);
			runOnlyForDeploymentPostprocessing = 0;
		};
		E150E2FF287A90F20001A0C8 /* Sources */ = {
			isa = PBXSourcesBuildPhase;
			buildActionMask = 2147483647;
			files = (
				E150E308287A90F20001A0C8 /* FlickrImageViewerUITests.swift in Sources */,
				E150E30A287A90F20001A0C8 /* FlickrImageViewerUITestsLaunchTests.swift in Sources */,
			);
			runOnlyForDeploymentPostprocessing = 0;
		};
/* End PBXSourcesBuildPhase section */

/* Begin PBXTargetDependency section */
		E150E2FB287A90F20001A0C8 /* PBXTargetDependency */ = {
			isa = PBXTargetDependency;
			target = E150E2E8287A90EF0001A0C8 /* FlickrImageViewer */;
			targetProxy = E150E2FA287A90F20001A0C8 /* PBXContainerItemProxy */;
		};
		E150E305287A90F20001A0C8 /* PBXTargetDependency */ = {
			isa = PBXTargetDependency;
			target = E150E2E8287A90EF0001A0C8 /* FlickrImageViewer */;
			targetProxy = E150E304287A90F20001A0C8 /* PBXContainerItemProxy */;
		};
/* End PBXTargetDependency section */

/* Begin XCBuildConfiguration section */
		E150E30B287A90F20001A0C8 /* Debug */ = {
			isa = XCBuildConfiguration;
			buildSettings = {
				ALWAYS_SEARCH_USER_PATHS = NO;
				CLANG_ANALYZER_NONNULL = YES;
				CLANG_ANALYZER_NUMBER_OBJECT_CONVERSION = YES_AGGRESSIVE;
				CLANG_CXX_LANGUAGE_STANDARD = "gnu++17";
				CLANG_ENABLE_MODULES = YES;
				CLANG_ENABLE_OBJC_ARC = YES;
				CLANG_ENABLE_OBJC_WEAK = YES;
				CLANG_WARN_BLOCK_CAPTURE_AUTORELEASING = YES;
				CLANG_WARN_BOOL_CONVERSION = YES;
				CLANG_WARN_COMMA = YES;
				CLANG_WARN_CONSTANT_CONVERSION = YES;
				CLANG_WARN_DEPRECATED_OBJC_IMPLEMENTATIONS = YES;
				CLANG_WARN_DIRECT_OBJC_ISA_USAGE = YES_ERROR;
				CLANG_WARN_DOCUMENTATION_COMMENTS = YES;
				CLANG_WARN_EMPTY_BODY = YES;
				CLANG_WARN_ENUM_CONVERSION = YES;
				CLANG_WARN_INFINITE_RECURSION = YES;
				CLANG_WARN_INT_CONVERSION = YES;
				CLANG_WARN_NON_LITERAL_NULL_CONVERSION = YES;
				CLANG_WARN_OBJC_IMPLICIT_RETAIN_SELF = YES;
				CLANG_WARN_OBJC_LITERAL_CONVERSION = YES;
				CLANG_WARN_OBJC_ROOT_CLASS = YES_ERROR;
				CLANG_WARN_QUOTED_INCLUDE_IN_FRAMEWORK_HEADER = YES;
				CLANG_WARN_RANGE_LOOP_ANALYSIS = YES;
				CLANG_WARN_STRICT_PROTOTYPES = YES;
				CLANG_WARN_SUSPICIOUS_MOVE = YES;
				CLANG_WARN_UNGUARDED_AVAILABILITY = YES_AGGRESSIVE;
				CLANG_WARN_UNREACHABLE_CODE = YES;
				CLANG_WARN__DUPLICATE_METHOD_MATCH = YES;
				COPY_PHASE_STRIP = NO;
				DEBUG_INFORMATION_FORMAT = dwarf;
				ENABLE_STRICT_OBJC_MSGSEND = YES;
				ENABLE_TESTABILITY = YES;
				GCC_C_LANGUAGE_STANDARD = gnu11;
				GCC_DYNAMIC_NO_PIC = NO;
				GCC_NO_COMMON_BLOCKS = YES;
				GCC_OPTIMIZATION_LEVEL = 0;
				GCC_PREPROCESSOR_DEFINITIONS = (
					"DEBUG=1",
					"$(inherited)",
				);
				GCC_WARN_64_TO_32_BIT_CONVERSION = YES;
				GCC_WARN_ABOUT_RETURN_TYPE = YES_ERROR;
				GCC_WARN_UNDECLARED_SELECTOR = YES;
				GCC_WARN_UNINITIALIZED_AUTOS = YES_AGGRESSIVE;
				GCC_WARN_UNUSED_FUNCTION = YES;
				GCC_WARN_UNUSED_VARIABLE = YES;
				IPHONEOS_DEPLOYMENT_TARGET = 15.5;
				MTL_ENABLE_DEBUG_INFO = INCLUDE_SOURCE;
				MTL_FAST_MATH = YES;
				ONLY_ACTIVE_ARCH = YES;
				SDKROOT = iphoneos;
				SWIFT_ACTIVE_COMPILATION_CONDITIONS = DEBUG;
				SWIFT_OPTIMIZATION_LEVEL = "-Onone";
			};
			name = Debug;
		};
		E150E30C287A90F20001A0C8 /* Release */ = {
			isa = XCBuildConfiguration;
			buildSettings = {
				ALWAYS_SEARCH_USER_PATHS = NO;
				CLANG_ANALYZER_NONNULL = YES;
				CLANG_ANALYZER_NUMBER_OBJECT_CONVERSION = YES_AGGRESSIVE;
				CLANG_CXX_LANGUAGE_STANDARD = "gnu++17";
				CLANG_ENABLE_MODULES = YES;
				CLANG_ENABLE_OBJC_ARC = YES;
				CLANG_ENABLE_OBJC_WEAK = YES;
				CLANG_WARN_BLOCK_CAPTURE_AUTORELEASING = YES;
				CLANG_WARN_BOOL_CONVERSION = YES;
				CLANG_WARN_COMMA = YES;
				CLANG_WARN_CONSTANT_CONVERSION = YES;
				CLANG_WARN_DEPRECATED_OBJC_IMPLEMENTATIONS = YES;
				CLANG_WARN_DIRECT_OBJC_ISA_USAGE = YES_ERROR;
				CLANG_WARN_DOCUMENTATION_COMMENTS = YES;
				CLANG_WARN_EMPTY_BODY = YES;
				CLANG_WARN_ENUM_CONVERSION = YES;
				CLANG_WARN_INFINITE_RECURSION = YES;
				CLANG_WARN_INT_CONVERSION = YES;
				CLANG_WARN_NON_LITERAL_NULL_CONVERSION = YES;
				CLANG_WARN_OBJC_IMPLICIT_RETAIN_SELF = YES;
				CLANG_WARN_OBJC_LITERAL_CONVERSION = YES;
				CLANG_WARN_OBJC_ROOT_CLASS = YES_ERROR;
				CLANG_WARN_QUOTED_INCLUDE_IN_FRAMEWORK_HEADER = YES;
				CLANG_WARN_RANGE_LOOP_ANALYSIS = YES;
				CLANG_WARN_STRICT_PROTOTYPES = YES;
				CLANG_WARN_SUSPICIOUS_MOVE = YES;
				CLANG_WARN_UNGUARDED_AVAILABILITY = YES_AGGRESSIVE;
				CLANG_WARN_UNREACHABLE_CODE = YES;
				CLANG_WARN__DUPLICATE_METHOD_MATCH = YES;
				COPY_PHASE_STRIP = NO;
				DEBUG_INFORMATION_FORMAT = "dwarf-with-dsym";
				ENABLE_NS_ASSERTIONS = NO;
				ENABLE_STRICT_OBJC_MSGSEND = YES;
				GCC_C_LANGUAGE_STANDARD = gnu11;
				GCC_NO_COMMON_BLOCKS = YES;
				GCC_WARN_64_TO_32_BIT_CONVERSION = YES;
				GCC_WARN_ABOUT_RETURN_TYPE = YES_ERROR;
				GCC_WARN_UNDECLARED_SELECTOR = YES;
				GCC_WARN_UNINITIALIZED_AUTOS = YES_AGGRESSIVE;
				GCC_WARN_UNUSED_FUNCTION = YES;
				GCC_WARN_UNUSED_VARIABLE = YES;
				IPHONEOS_DEPLOYMENT_TARGET = 15.5;
				MTL_ENABLE_DEBUG_INFO = NO;
				MTL_FAST_MATH = YES;
				SDKROOT = iphoneos;
				SWIFT_COMPILATION_MODE = wholemodule;
				SWIFT_OPTIMIZATION_LEVEL = "-O";
				VALIDATE_PRODUCT = YES;
			};
			name = Release;
		};
		E150E30E287A90F20001A0C8 /* Debug */ = {
			isa = XCBuildConfiguration;
			buildSettings = {
				ASSETCATALOG_COMPILER_APPICON_NAME = AppIcon;
				ASSETCATALOG_COMPILER_GLOBAL_ACCENT_COLOR_NAME = AccentColor;
				CODE_SIGN_STYLE = Automatic;
				CURRENT_PROJECT_VERSION = 1;
				DEVELOPMENT_ASSET_PATHS = "\"FlickrImageViewer/Preview Content\"";
				DEVELOPMENT_TEAM = 56UNA7W25Q;
				ENABLE_PREVIEWS = YES;
				GENERATE_INFOPLIST_FILE = YES;
				INFOPLIST_KEY_UIApplicationSceneManifest_Generation = YES;
				INFOPLIST_KEY_UIApplicationSupportsIndirectInputEvents = YES;
				INFOPLIST_KEY_UILaunchScreen_Generation = YES;
				INFOPLIST_KEY_UISupportedInterfaceOrientations_iPad = "UIInterfaceOrientationPortrait UIInterfaceOrientationPortraitUpsideDown UIInterfaceOrientationLandscapeLeft UIInterfaceOrientationLandscapeRight";
				INFOPLIST_KEY_UISupportedInterfaceOrientations_iPhone = "UIInterfaceOrientationPortrait UIInterfaceOrientationLandscapeLeft UIInterfaceOrientationLandscapeRight";
				LD_RUNPATH_SEARCH_PATHS = (
					"$(inherited)",
					"@executable_path/Frameworks",
				);
				MARKETING_VERSION = 1.0;
				PRODUCT_BUNDLE_IDENTIFIER = "com.nk-technology.test.FlickrImageViewer";
				PRODUCT_NAME = "$(TARGET_NAME)";
				SWIFT_EMIT_LOC_STRINGS = YES;
				SWIFT_VERSION = 5.0;
				TARGETED_DEVICE_FAMILY = "1,2";
			};
			name = Debug;
		};
		E150E30F287A90F20001A0C8 /* Release */ = {
			isa = XCBuildConfiguration;
			buildSettings = {
				ASSETCATALOG_COMPILER_APPICON_NAME = AppIcon;
				ASSETCATALOG_COMPILER_GLOBAL_ACCENT_COLOR_NAME = AccentColor;
				CODE_SIGN_STYLE = Automatic;
				CURRENT_PROJECT_VERSION = 1;
				DEVELOPMENT_ASSET_PATHS = "\"FlickrImageViewer/Preview Content\"";
				DEVELOPMENT_TEAM = 56UNA7W25Q;
				ENABLE_PREVIEWS = YES;
				GENERATE_INFOPLIST_FILE = YES;
				INFOPLIST_KEY_UIApplicationSceneManifest_Generation = YES;
				INFOPLIST_KEY_UIApplicationSupportsIndirectInputEvents = YES;
				INFOPLIST_KEY_UILaunchScreen_Generation = YES;
				INFOPLIST_KEY_UISupportedInterfaceOrientations_iPad = "UIInterfaceOrientationPortrait UIInterfaceOrientationPortraitUpsideDown UIInterfaceOrientationLandscapeLeft UIInterfaceOrientationLandscapeRight";
				INFOPLIST_KEY_UISupportedInterfaceOrientations_iPhone = "UIInterfaceOrientationPortrait UIInterfaceOrientationLandscapeLeft UIInterfaceOrientationLandscapeRight";
				LD_RUNPATH_SEARCH_PATHS = (
					"$(inherited)",
					"@executable_path/Frameworks",
				);
				MARKETING_VERSION = 1.0;
				PRODUCT_BUNDLE_IDENTIFIER = "com.nk-technology.test.FlickrImageViewer";
				PRODUCT_NAME = "$(TARGET_NAME)";
				SWIFT_EMIT_LOC_STRINGS = YES;
				SWIFT_VERSION = 5.0;
				TARGETED_DEVICE_FAMILY = "1,2";
			};
			name = Release;
		};
		E150E311287A90F20001A0C8 /* Debug */ = {
			isa = XCBuildConfiguration;
			buildSettings = {
				ALWAYS_EMBED_SWIFT_STANDARD_LIBRARIES = YES;
				BUNDLE_LOADER = "$(TEST_HOST)";
				CODE_SIGN_STYLE = Automatic;
				CURRENT_PROJECT_VERSION = 1;
				DEVELOPMENT_TEAM = 56UNA7W25Q;
				GENERATE_INFOPLIST_FILE = YES;
				IPHONEOS_DEPLOYMENT_TARGET = 15.5;
				MARKETING_VERSION = 1.0;
				PRODUCT_BUNDLE_IDENTIFIER = "com.nk-technology.test.FlickrImageViewerTests";
				PRODUCT_NAME = "$(TARGET_NAME)";
				SWIFT_EMIT_LOC_STRINGS = NO;
				SWIFT_VERSION = 5.0;
				TARGETED_DEVICE_FAMILY = "1,2";
				TEST_HOST = "$(BUILT_PRODUCTS_DIR)/FlickrImageViewer.app/FlickrImageViewer";
			};
			name = Debug;
		};
		E150E312287A90F20001A0C8 /* Release */ = {
			isa = XCBuildConfiguration;
			buildSettings = {
				ALWAYS_EMBED_SWIFT_STANDARD_LIBRARIES = YES;
				BUNDLE_LOADER = "$(TEST_HOST)";
				CODE_SIGN_STYLE = Automatic;
				CURRENT_PROJECT_VERSION = 1;
				DEVELOPMENT_TEAM = 56UNA7W25Q;
				GENERATE_INFOPLIST_FILE = YES;
				IPHONEOS_DEPLOYMENT_TARGET = 15.5;
				MARKETING_VERSION = 1.0;
				PRODUCT_BUNDLE_IDENTIFIER = "com.nk-technology.test.FlickrImageViewerTests";
				PRODUCT_NAME = "$(TARGET_NAME)";
				SWIFT_EMIT_LOC_STRINGS = NO;
				SWIFT_VERSION = 5.0;
				TARGETED_DEVICE_FAMILY = "1,2";
				TEST_HOST = "$(BUILT_PRODUCTS_DIR)/FlickrImageViewer.app/FlickrImageViewer";
			};
			name = Release;
		};
		E150E314287A90F20001A0C8 /* Debug */ = {
			isa = XCBuildConfiguration;
			buildSettings = {
				ALWAYS_EMBED_SWIFT_STANDARD_LIBRARIES = YES;
				CODE_SIGN_STYLE = Automatic;
				CURRENT_PROJECT_VERSION = 1;
				DEVELOPMENT_TEAM = 56UNA7W25Q;
				GENERATE_INFOPLIST_FILE = YES;
				MARKETING_VERSION = 1.0;
				PRODUCT_BUNDLE_IDENTIFIER = "com.nk-technology.test.FlickrImageViewerUITests";
				PRODUCT_NAME = "$(TARGET_NAME)";
				SWIFT_EMIT_LOC_STRINGS = NO;
				SWIFT_VERSION = 5.0;
				TARGETED_DEVICE_FAMILY = "1,2";
				TEST_TARGET_NAME = FlickrImageViewer;
			};
			name = Debug;
		};
		E150E315287A90F20001A0C8 /* Release */ = {
			isa = XCBuildConfiguration;
			buildSettings = {
				ALWAYS_EMBED_SWIFT_STANDARD_LIBRARIES = YES;
				CODE_SIGN_STYLE = Automatic;
				CURRENT_PROJECT_VERSION = 1;
				DEVELOPMENT_TEAM = 56UNA7W25Q;
				GENERATE_INFOPLIST_FILE = YES;
				MARKETING_VERSION = 1.0;
				PRODUCT_BUNDLE_IDENTIFIER = "com.nk-technology.test.FlickrImageViewerUITests";
				PRODUCT_NAME = "$(TARGET_NAME)";
				SWIFT_EMIT_LOC_STRINGS = NO;
				SWIFT_VERSION = 5.0;
				TARGETED_DEVICE_FAMILY = "1,2";
				TEST_TARGET_NAME = FlickrImageViewer;
			};
			name = Release;
		};
/* End XCBuildConfiguration section */

/* Begin XCConfigurationList section */
		E150E2E4287A90EF0001A0C8 /* Build configuration list for PBXProject "FlickrImageViewer" */ = {
			isa = XCConfigurationList;
			buildConfigurations = (
				E150E30B287A90F20001A0C8 /* Debug */,
				E150E30C287A90F20001A0C8 /* Release */,
			);
			defaultConfigurationIsVisible = 0;
			defaultConfigurationName = Release;
		};
		E150E30D287A90F20001A0C8 /* Build configuration list for PBXNativeTarget "FlickrImageViewer" */ = {
			isa = XCConfigurationList;
			buildConfigurations = (
				E150E30E287A90F20001A0C8 /* Debug */,
				E150E30F287A90F20001A0C8 /* Release */,
			);
			defaultConfigurationIsVisible = 0;
			defaultConfigurationName = Release;
		};
		E150E310287A90F20001A0C8 /* Build configuration list for PBXNativeTarget "FlickrImageViewerTests" */ = {
			isa = XCConfigurationList;
			buildConfigurations = (
				E150E311287A90F20001A0C8 /* Debug */,
				E150E312287A90F20001A0C8 /* Release */,
			);
			defaultConfigurationIsVisible = 0;
			defaultConfigurationName = Release;
		};
		E150E313287A90F20001A0C8 /* Build configuration list for PBXNativeTarget "FlickrImageViewerUITests" */ = {
			isa = XCConfigurationList;
			buildConfigurations = (
				E150E314287A90F20001A0C8 /* Debug */,
				E150E315287A90F20001A0C8 /* Release */,
			);
			defaultConfigurationIsVisible = 0;
			defaultConfigurationName = Release;
		};
/* End XCConfigurationList section */
	};
	rootObject = E150E2E1287A90EF0001A0C8 /* Project object */;
}
